
Microsoft Visual Studio Solution File, Format Version 12.00
# Visual Studio Version 17
VisualStudioVersion = 17.13.35818.85 d17.13
MinimumVisualStudioVersion = 10.0.40219.1
Project("{FAE04EC0-301F-11D3-BF4B-00C04F79EFBC}") = "Data", "Data\Data.csproj", "{20A61F89-C630-4D85-B635-1C0AE2DA325D}"
EndProject
Project("{FAE04EC0-301F-11D3-BF4B-00C04F79EFBC}") = "Entity", "Entity\Entity.csproj", "{CC0B4A89-B042-47B5-B5CB-DE498EF5609D}"
EndProject
Project("{FAE04EC0-301F-11D3-BF4B-00C04F79EFBC}") = "Diagram", "Diagram\Diagram.csproj", "{8C1C8F65-DD2C-4A5F-9155-4D691A64A862}"
EndProject
Global
	GlobalSection(SolutionConfigurationPlatforms) = preSolution
		Debug|Any CPU = Debug|Any CPU
		Release|Any CPU = Release|Any CPU
	EndGlobalSection
	GlobalSection(ProjectConfigurationPlatforms) = postSolution
		{20A61F89-C630-4D85-B635-1C0AE2DA325D}.Debug|Any CPU.ActiveCfg = Debug|Any CPU
		{20A61F89-C630-4D85-B635-1C0AE2DA325D}.Debug|Any CPU.Build.0 = Debug|Any CPU
		{20A61F89-C630-4D85-B635-1C0AE2DA325D}.Release|Any CPU.ActiveCfg = Release|Any CPU
		{20A61F89-C630-4D85-B635-1C0AE2DA325D}.Release|Any CPU.Build.0 = Release|Any CPU
		{CC0B4A89-B042-47B5-B5CB-DE498EF5609D}.Debug|Any CPU.ActiveCfg = Debug|Any CPU
		{CC0B4A89-B042-47B5-B5CB-DE498EF5609D}.Debug|Any CPU.Build.0 = Debug|Any CPU
		{CC0B4A89-B042-47B5-B5CB-DE498EF5609D}.Release|Any CPU.ActiveCfg = Release|Any CPU
		{CC0B4A89-B042-47B5-B5CB-DE498EF5609D}.Release|Any CPU.Build.0 = Release|Any CPU
		{8C1C8F65-DD2C-4A5F-9155-4D691A64A862}.Debug|Any CPU.ActiveCfg = Debug|Any CPU
		{8C1C8F65-DD2C-4A5F-9155-4D691A64A862}.Debug|Any CPU.Build.0 = Debug|Any CPU
		{8C1C8F65-DD2C-4A5F-9155-4D691A64A862}.Release|Any CPU.ActiveCfg = Release|Any CPU
		{8C1C8F65-DD2C-4A5F-9155-4D691A64A862}.Release|Any CPU.Build.0 = Release|Any CPU
	EndGlobalSection
	GlobalSection(SolutionProperties) = preSolution
		HideSolutionNode = FALSE
	EndGlobalSection
	GlobalSection(ExtensibilityGlobals) = postSolution
		SolutionGuid = {B5419E84-2B04-4E45-BDC1-48561A76407B}
	EndGlobalSection
EndGlobal
